
Microsoft Visual Studio Solution File, Format Version 12.00
# Visual Studio Version 17
VisualStudioVersion = 17.7.34031.279
MinimumVisualStudioVersion = 10.0.40219.1
Project("{FAE04EC0-301F-11D3-BF4B-00C04F79EFBC}") = "WindowsFormsApp1", "WindowsFormsApp1\WindowsFormsApp1.csproj", "{EE268DAE-6031-4F2B-A546-7C446C34D18B}"
EndProject
Global
	GlobalSection(SolutionConfigurationPlatforms) = preSolution
		Debug|Any CPU = Debug|Any CPU
		Release|Any CPU = Release|Any CPU
	EndGlobalSection
	GlobalSection(ProjectConfigurationPlatforms) = postSolution
		{EE268DAE-6031-4F2B-A546-7C446C34D18B}.Debug|Any CPU.ActiveCfg = Debug|Any CPU
		{EE268DAE-6031-4F2B-A546-7C446C34D18B}.Debug|Any CPU.Build.0 = Debug|Any CPU
		{EE268DAE-6031-4F2B-A546-7C446C34D18B}.Release|Any CPU.ActiveCfg = Release|Any CPU
		{EE268DAE-6031-4F2B-A546-7C446C34D18B}.Release|Any CPU.Build.0 = Release|Any CPU
	EndGlobalSection
	GlobalSection(SolutionProperties) = preSolution
		HideSolutionNode = FALSE
	EndGlobalSection
	GlobalSection(ExtensibilityGlobals) = postSolution
		SolutionGuid = {7C8209A2-B644-4468-BF60-E01964B7709E}
	EndGlobalSection
EndGlobal
